Microsoft Visual Studio Solution File, Format Version 9.00
# Visual Studio 2005
Project("{2150E333-8FDC-42A3-9474-1A3956D46DE8}") = "Solution Items", "Solution Items", "{D814DCB6-0670-499E-82FC-293D94EF91F5}"
	ProjectSection(SolutionItems) = preProject
		readme.txt = readme.txt
	EndProjectSection
EndProject
Project("{FAE04EC0-301F-11D3-BF4B-00C04F79EFBC}") = "Serialcoder.VisualLogParser", "Sources\Serialcoder.VisualLogParser.csproj", "{32719805-E3FC-4299-BD33-F9DCEBC66007}"
EndProject
Global
	GlobalSection(TeamFoundationVersionControl) = preSolution
		SccNumberOfProjects = 2
		SccEnterpriseProvider = {4CA58AB2-18FA-4F8D-95D4-32DDF27D184C}
		SccTeamFoundationServer = https://tfs01.codeplex.com/
		SccLocalPath0 = .
		SccProjectUniqueName1 = Sources\\Serialcoder.VisualLogParser.csproj
		SccProjectName1 = Sources
		SccLocalPath1 = Sources
	EndGlobalSection
	GlobalSection(SolutionConfigurationPlatforms) = preSolution
		Debug|Any CPU = Debug|Any CPU
		Release|Any CPU = Release|Any CPU
	EndGlobalSection
	GlobalSection(ProjectConfigurationPlatforms) = postSolution
		{32719805-E3FC-4299-BD33-F9DCEBC66007}.Debug|Any CPU.ActiveCfg = Debug|Any CPU
		{32719805-E3FC-4299-BD33-F9DCEBC66007}.Debug|Any CPU.Build.0 = Debug|Any CPU
		{32719805-E3FC-4299-BD33-F9DCEBC66007}.Release|Any CPU.ActiveCfg = Release|Any CPU
		{32719805-E3FC-4299-BD33-F9DCEBC66007}.Release|Any CPU.Build.0 = Release|Any CPU
	EndGlobalSection
	GlobalSection(SolutionProperties) = preSolution
		HideSolutionNode = FALSE
	EndGlobalSection
EndGlobal
